
Microsoft Visual Studio Solution File, Format Version 12.00
# Visual Studio 15
VisualStudioVersion = 15.0.27428.2043
MinimumVisualStudioVersion = 10.0.40219.1
Project("{FAE04EC0-301F-11D3-BF4B-00C04F79EFBC}") = "VehicleSimulationInterface", "VehicleSimulationInterface\VehicleSimulationInterface.csproj", "{7BB73783-EBAB-47FC-88AF-3544E806984A}"
	ProjectSection(ProjectDependencies) = postProject
		{BEC874B9-2825-476C-9BB0-8D5BAB9CAF01} = {BEC874B9-2825-476C-9BB0-8D5BAB9CAF01}
	EndProjectSection
EndProject
Project("{FAE04EC0-301F-11D3-BF4B-00C04F79EFBC}") = "VehicleSimulationEngine", "VehicleSimulationEngine\VehicleSimulationEngine.csproj", "{BEC874B9-2825-476C-9BB0-8D5BAB9CAF01}"
EndProject
Global
	GlobalSection(SolutionConfigurationPlatforms) = preSolution
		Debug|Any CPU = Debug|Any CPU
		Release|Any CPU = Release|Any CPU
	EndGlobalSection
	GlobalSection(ProjectConfigurationPlatforms) = postSolution
		{7BB73783-EBAB-47FC-88AF-3544E806984A}.Debug|Any CPU.ActiveCfg = Debug|Any CPU
		{7BB73783-EBAB-47FC-88AF-3544E806984A}.Debug|Any CPU.Build.0 = Debug|Any CPU
		{7BB73783-EBAB-47FC-88AF-3544E806984A}.Release|Any CPU.ActiveCfg = Release|Any CPU
		{7BB73783-EBAB-47FC-88AF-3544E806984A}.Release|Any CPU.Build.0 = Release|Any CPU
		{BEC874B9-2825-476C-9BB0-8D5BAB9CAF01}.Debug|Any CPU.ActiveCfg = Debug|Any CPU
		{BEC874B9-2825-476C-9BB0-8D5BAB9CAF01}.Debug|Any CPU.Build.0 = Debug|Any CPU
		{BEC874B9-2825-476C-9BB0-8D5BAB9CAF01}.Release|Any CPU.ActiveCfg = Release|Any CPU
		{BEC874B9-2825-476C-9BB0-8D5BAB9CAF01}.Release|Any CPU.Build.0 = Release|Any CPU
	EndGlobalSection
	GlobalSection(SolutionProperties) = preSolution
		HideSolutionNode = FALSE
	EndGlobalSection
	GlobalSection(ExtensibilityGlobals) = postSolution
		SolutionGuid = {6365388D-6F9F-4B5C-93E3-F50528165AEE}
	EndGlobalSection
EndGlobal
